
Microsoft Visual Studio Solution File, Format Version 12.00
# Visual Studio Version 17
VisualStudioVersion = 17.1.32210.238
MinimumVisualStudioVersion = 10.0.40219.1
Project("{9A19103F-16F7-4668-BE54-9A1E7A4F7556}") = "Capacitacion.Test.Avs.Api", "Capacitacion.Test.Avs.Api\Capacitacion.Test.Avs.Api.csproj", "{5655AECB-9B2B-4B37-9836-FF780C081FE2}"
EndProject
Project("{9A19103F-16F7-4668-BE54-9A1E7A4F7556}") = "Capacitacion.Test.Avs.Business", "Capacitacion.Test.Avs.Business\Capacitacion.Test.Avs.Business.csproj", "{2874D57F-25A0-45EB-BDC0-2B52FE64C969}"
EndProject
Project("{9A19103F-16F7-4668-BE54-9A1E7A4F7556}") = "Capacitacion.Test.Avs.Infraesctuture", "Capacitacion.Test.Avs.Infraesctuture\Capacitacion.Test.Avs.Infraesctuture.csproj", "{667B00F7-C04D-4BB7-9DCC-3B635678D67D}"
EndProject
Project("{FAE04EC0-301F-11D3-BF4B-00C04F79EFBC}") = "Capacitacion.Test.Avs.Integracion.Test", "Capacitacion.Test.Avs.Integracion.Test\Capacitacion.Test.Avs.Integracion.Test.csproj", "{7023711E-16B3-4E4F-B07B-3431159877C2}"
EndProject
Global
	GlobalSection(SolutionConfigurationPlatforms) = preSolution
		Debug|Any CPU = Debug|Any CPU
		Release|Any CPU = Release|Any CPU
	EndGlobalSection
	GlobalSection(ProjectConfigurationPlatforms) = postSolution
		{5655AECB-9B2B-4B37-9836-FF780C081FE2}.Debug|Any CPU.ActiveCfg = Debug|Any CPU
		{5655AECB-9B2B-4B37-9836-FF780C081FE2}.Debug|Any CPU.Build.0 = Debug|Any CPU
		{5655AECB-9B2B-4B37-9836-FF780C081FE2}.Release|Any CPU.ActiveCfg = Release|Any CPU
		{5655AECB-9B2B-4B37-9836-FF780C081FE2}.Release|Any CPU.Build.0 = Release|Any CPU
		{2874D57F-25A0-45EB-BDC0-2B52FE64C969}.Debug|Any CPU.ActiveCfg = Debug|Any CPU
		{2874D57F-25A0-45EB-BDC0-2B52FE64C969}.Debug|Any CPU.Build.0 = Debug|Any CPU
		{2874D57F-25A0-45EB-BDC0-2B52FE64C969}.Release|Any CPU.ActiveCfg = Release|Any CPU
		{2874D57F-25A0-45EB-BDC0-2B52FE64C969}.Release|Any CPU.Build.0 = Release|Any CPU
		{667B00F7-C04D-4BB7-9DCC-3B635678D67D}.Debug|Any CPU.ActiveCfg = Debug|Any CPU
		{667B00F7-C04D-4BB7-9DCC-3B635678D67D}.Debug|Any CPU.Build.0 = Debug|Any CPU
		{667B00F7-C04D-4BB7-9DCC-3B635678D67D}.Release|Any CPU.ActiveCfg = Release|Any CPU
		{667B00F7-C04D-4BB7-9DCC-3B635678D67D}.Release|Any CPU.Build.0 = Release|Any CPU
		{7023711E-16B3-4E4F-B07B-3431159877C2}.Debug|Any CPU.ActiveCfg = Debug|Any CPU
		{7023711E-16B3-4E4F-B07B-3431159877C2}.Debug|Any CPU.Build.0 = Debug|Any CPU
		{7023711E-16B3-4E4F-B07B-3431159877C2}.Release|Any CPU.ActiveCfg = Release|Any CPU
		{7023711E-16B3-4E4F-B07B-3431159877C2}.Release|Any CPU.Build.0 = Release|Any CPU
	EndGlobalSection
	GlobalSection(SolutionProperties) = preSolution
		HideSolutionNode = FALSE
	EndGlobalSection
	GlobalSection(ExtensibilityGlobals) = postSolution
		SolutionGuid = {92EA28F6-CEFB-4F48-A8E1-A6220D7055CA}
	EndGlobalSection
EndGlobal
